
Microsoft Visual Studio Solution File, Format Version 12.00
# Visual Studio Version 17
VisualStudioVersion = 17.14.36202.13 d17.14
MinimumVisualStudioVersion = 10.0.40219.1
Project("{FAE04EC0-301F-11D3-BF4B-00C04F79EFBC}") = "inventory_key_fix", "inventory_key_fix.csproj", "{6D9126A5-36ED-AEB4-6775-E750A8EA3DC6}"
EndProject
Global
	GlobalSection(SolutionConfigurationPlatforms) = preSolution
		Debug|Any CPU = Debug|Any CPU
		Release|Any CPU = Release|Any CPU
	EndGlobalSection
	GlobalSection(ProjectConfigurationPlatforms) = postSolution
		{6D9126A5-36ED-AEB4-6775-E750A8EA3DC6}.Debug|Any CPU.ActiveCfg = Debug|Any CPU
		{6D9126A5-36ED-AEB4-6775-E750A8EA3DC6}.Debug|Any CPU.Build.0 = Debug|Any CPU
		{6D9126A5-36ED-AEB4-6775-E750A8EA3DC6}.Release|Any CPU.ActiveCfg = Release|Any CPU
		{6D9126A5-36ED-AEB4-6775-E750A8EA3DC6}.Release|Any CPU.Build.0 = Release|Any CPU
	EndGlobalSection
	GlobalSection(SolutionProperties) = preSolution
		HideSolutionNode = FALSE
	EndGlobalSection
	GlobalSection(ExtensibilityGlobals) = postSolution
		SolutionGuid = {45D9A9F0-D869-4757-8A4B-054FD74B8A83}
	EndGlobalSection
EndGlobal
